
Microsoft Visual Studio Solution File, Format Version 12.00
# Visual Studio 15
VisualStudioVersion = 15.0.27703.2035
MinimumVisualStudioVersion = 10.0.40219.1
Project("{8BC9CEB8-8B4A-11D0-8D11-00A0C91BC942}") = "Project1", "Project1\Project1.vcxproj", "{1006396B-B53A-4D71-8382-E21382B6EC67}"
EndProject
Project("{8BC9CEB8-8B4A-11D0-8D11-00A0C91BC942}") = "1206", "1206\1206.vcxproj", "{39F10521-F00F-42EF-B7C2-BA27477F4EE5}"
EndProject
Project("{8BC9CEB8-8B4A-11D0-8D11-00A0C91BC942}") = "1974", "1974\1974.vcxproj", "{19D4DB1B-D49F-40E8-8EAB-711DB465AFD8}"
EndProject
Project("{8BC9CEB8-8B4A-11D0-8D11-00A0C91BC942}") = "1954", "1954\1954.vcxproj", "{3EC45689-3539-45E1-BDAF-E7460936FEB7}"
EndProject
Project("{8BC9CEB8-8B4A-11D0-8D11-00A0C91BC942}") = "1954_2", "1954_2\1954_2.vcxproj", "{C80C039A-083E-48D5-AF97-2D739D2BBD28}"
EndProject
Project("{8BC9CEB8-8B4A-11D0-8D11-00A0C91BC942}") = "1284", "1284\1284.vcxproj", "{E1557AE6-5230-4D27-947A-64770FF31022}"
EndProject
Project("{8BC9CEB8-8B4A-11D0-8D11-00A0C91BC942}") = "1209", "1209\1209.vcxproj", "{2924A142-6760-4D82-A756-C2FDC44D06A4}"
EndProject
Project("{8BC9CEB8-8B4A-11D0-8D11-00A0C91BC942}") = "2105", "2105\2105.vcxproj", "{CC103DA5-6CB1-47B2-AF4A-C1D671440414}"
EndProject
Project("{8BC9CEB8-8B4A-11D0-8D11-00A0C91BC942}") = "1285", "1285\1285.vcxproj", "{BE51512A-622D-45DF-BF61-506B30848DA6}"
EndProject
Project("{8BC9CEB8-8B4A-11D0-8D11-00A0C91BC942}") = "1288_2", "1288_2\1288_2.vcxproj", "{503CBB3C-3EE8-4A1A-AADB-90448CAD8E6A}"
EndProject
Project("{8BC9CEB8-8B4A-11D0-8D11-00A0C91BC942}") = "1961", "1961\1961.vcxproj", "{23A46A39-BAD8-4A65-8F26-B41C6C21B99E}"
EndProject
Project("{8BC9CEB8-8B4A-11D0-8D11-00A0C91BC942}") = "2105_2", "2105_2\2105_2.vcxproj", "{0AD33F43-E8EA-4917-BA94-BEC77E8F1EF9}"
EndProject
Project("{8BC9CEB8-8B4A-11D0-8D11-00A0C91BC942}") = "1240", "1240\1240.vcxproj", "{70A0FAA4-DFC2-4DCB-A5EC-863174437721}"
EndProject
Project("{8BC9CEB8-8B4A-11D0-8D11-00A0C91BC942}") = "1949", "1949\1949.vcxproj", "{4A950DC8-9DF3-464D-904B-066ED27BB613}"
EndProject
Project("{8BC9CEB8-8B4A-11D0-8D11-00A0C91BC942}") = "1949_2", "1949_2\1949_2.vcxproj", "{B1A1DBD2-C983-42E6-837B-824FE0F4081B}"
EndProject
Project("{8BC9CEB8-8B4A-11D0-8D11-00A0C91BC942}") = "1824", "1824\1824.vcxproj", "{D3321D63-82BD-4986-90D3-257E3894D7AD}"
EndProject
Project("{8BC9CEB8-8B4A-11D0-8D11-00A0C91BC942}") = "1226", "1226\1226.vcxproj", "{7BF6BD05-EF5A-4D86-B2B9-0F9DE5AD7A1C}"
EndProject
Project("{8BC9CEB8-8B4A-11D0-8D11-00A0C91BC942}") = "2105_3", "2105_3\2105_3.vcxproj", "{79368A46-5767-4C6F-845C-E3ABC5F3A406}"
EndProject
Project("{8BC9CEB8-8B4A-11D0-8D11-00A0C91BC942}") = "1226_2", "1226_2\1226_2.vcxproj", "{FA461DDB-FF96-4A1F-9D70-8E09511ABAB1}"
EndProject
Project("{8BC9CEB8-8B4A-11D0-8D11-00A0C91BC942}") = "1824_2", "1824_2\1824_2.vcxproj", "{F723F29B-4277-42C3-8191-5E48F78E7097}"
EndProject
Project("{8BC9CEB8-8B4A-11D0-8D11-00A0C91BC942}") = "1789", "1789\1789.vcxproj", "{19FF130B-7FB5-41FD-B38F-4C8AEC56E7E6}"
EndProject
Project("{8BC9CEB8-8B4A-11D0-8D11-00A0C91BC942}") = "1949_3", "1949_3\1949_3.vcxproj", "{3CF5999B-3869-43F5-9D54-32E7352BB8EA}"
EndProject
Project("{8BC9CEB8-8B4A-11D0-8D11-00A0C91BC942}") = "1219", "1219\1219.vcxproj", "{1D5F5880-2703-405E-A016-F15E0AB436E4}"
EndProject
Project("{8BC9CEB8-8B4A-11D0-8D11-00A0C91BC942}") = "1226_3", "1226_3\1226_3.vcxproj", "{8BE3806F-472E-433C-AD95-7799F1F8BE26}"
EndProject
Project("{8BC9CEB8-8B4A-11D0-8D11-00A0C91BC942}") = "1238", "1238\1238.vcxproj", "{62ABC2B8-9925-4309-A66E-1F4DE93A1DE4}"
EndProject
Project("{8BC9CEB8-8B4A-11D0-8D11-00A0C91BC942}") = "1935", "1935\1935.vcxproj", "{83E81E42-7332-43A7-BE4E-FCFF53E4488B}"
EndProject
Project("{8BC9CEB8-8B4A-11D0-8D11-00A0C91BC942}") = "2027", "2027\2027.vcxproj", "{BB9C6539-15EE-4AB7-A577-127205AD8616}"
EndProject
Project("{8BC9CEB8-8B4A-11D0-8D11-00A0C91BC942}") = "2805", "2805\2805.vcxproj", "{325CBB22-BB2F-4E01-B95D-660BE869C0E2}"
EndProject
Project("{8BC9CEB8-8B4A-11D0-8D11-00A0C91BC942}") = "2117", "2117\2117.vcxproj", "{8D5DC49D-C578-44CB-953A-D07F2339F1DF}"
EndProject
Project("{8BC9CEB8-8B4A-11D0-8D11-00A0C91BC942}") = "Project2", "Project2\Project2.vcxproj", "{AB156840-6F28-4516-960D-C20C68ED33DE}"
EndProject
Project("{8BC9CEB8-8B4A-11D0-8D11-00A0C91BC942}") = "4615", "4615\4615.vcxproj", "{B9DDAB99-E7A0-4DCF-975E-4EDA13F4958D}"
EndProject
Project("{8BC9CEB8-8B4A-11D0-8D11-00A0C91BC942}") = "5653", "5653\5653.vcxproj", "{726572FD-2934-4176-AD87-BB63F1680BE9}"
EndProject
Project("{8BC9CEB8-8B4A-11D0-8D11-00A0C91BC942}") = "5653_2", "5653_2\5653_2.vcxproj", "{841A6603-7D44-42AB-8840-BCC26F25178F}"
EndProject
Project("{8BC9CEB8-8B4A-11D0-8D11-00A0C91BC942}") = "4130", "4130\4130.vcxproj", "{8E24CF41-1E51-426C-8F5D-6979323D3FA0}"
EndProject
Project("{8BC9CEB8-8B4A-11D0-8D11-00A0C91BC942}") = "4131", "4131\4131.vcxproj", "{4CB84DE9-F56E-4CE9-996A-C094387AA5CE}"
EndProject
Project("{8BC9CEB8-8B4A-11D0-8D11-00A0C91BC942}") = "4131_2", "4131_2\4131_2.vcxproj", "{A84DB95E-0454-4808-BE81-6E89065D6B1F}"
EndProject
Project("{8BC9CEB8-8B4A-11D0-8D11-00A0C91BC942}") = "2382", "2382\2382.vcxproj", "{3CA1FFCB-E55B-4119-B546-EF7B1E52C543}"
EndProject
Project("{8BC9CEB8-8B4A-11D0-8D11-00A0C91BC942}") = "5648", "5648\5648.vcxproj", "{4AF509A7-42BD-4DB4-A3EB-B60E53F5CC6E}"
EndProject
Project("{8BC9CEB8-8B4A-11D0-8D11-00A0C91BC942}") = "5648_2", "5648_2\5648_2.vcxproj", "{C8777E42-5CA0-4785-B0C1-6A80CB958327}"
EndProject
Project("{8BC9CEB8-8B4A-11D0-8D11-00A0C91BC942}") = "5656", "5656\5656.vcxproj", "{BF93FA14-A864-44DB-925F-0F2C9A2D2CD8}"
EndProject
Project("{8BC9CEB8-8B4A-11D0-8D11-00A0C91BC942}") = "5658", "5658\5658.vcxproj", "{E11D0E40-5884-49AE-825B-02B8B693DECD}"
EndProject
Project("{8BC9CEB8-8B4A-11D0-8D11-00A0C91BC942}") = "5644", "5644\5644.vcxproj", "{F67EF0AC-8C06-4B29-95B3-F627FF431928}"
EndProject
Project("{8BC9CEB8-8B4A-11D0-8D11-00A0C91BC942}") = "2112", "2112\2112.vcxproj", "{986DEFAB-28B7-435C-A94F-726364AE5453}"
EndProject
Project("{8BC9CEB8-8B4A-11D0-8D11-00A0C91BC942}") = "5644_2", "5644_2\5644_2.vcxproj", "{C9BEA97C-0128-4CE3-927D-A77AE8B50AF1}"
EndProject
Project("{8BC9CEB8-8B4A-11D0-8D11-00A0C91BC942}") = "2112_2", "2112_2\2112_2.vcxproj", "{C7461CB4-248A-498F-8ED2-3C69F5F1E4D0}"
EndProject
Project("{8BC9CEB8-8B4A-11D0-8D11-00A0C91BC942}") = "5644_3", "5644_3\5644_3.vcxproj", "{B097E22E-5472-47D0-9596-9D4B811D7680}"
EndProject
Project("{8BC9CEB8-8B4A-11D0-8D11-00A0C91BC942}") = "1953", "1953\1953.vcxproj", "{C8711C46-A37A-4AF2-8A29-2004631B65E4}"
EndProject
Project("{8BC9CEB8-8B4A-11D0-8D11-00A0C91BC942}") = "1953_2", "1953_2\1953_2.vcxproj", "{D161CE97-5ACD-4FBA-A2EE-B89A66446941}"
EndProject
Project("{8BC9CEB8-8B4A-11D0-8D11-00A0C91BC942}") = "2117_2", "2117_2\2117_2.vcxproj", "{79738D72-2160-46E9-96D4-D8E0D1275A4E}"
EndProject
Project("{8BC9CEB8-8B4A-11D0-8D11-00A0C91BC942}") = "5648_3", "5648_3\5648_3.vcxproj", "{4F158BF4-9C65-4CC0-9015-1F8DED226074}"
EndProject
Project("{8BC9CEB8-8B4A-11D0-8D11-00A0C91BC942}") = "2382_2", "2382_2\2382_2.vcxproj", "{199EF44B-B181-468A-87D3-149F7365C71A}"
EndProject
Project("{8BC9CEB8-8B4A-11D0-8D11-00A0C91BC942}") = "5644_4", "5644_4\5644_4.vcxproj", "{7E427FB3-211B-42C0-9627-3905AE680912}"
EndProject
Project("{8BC9CEB8-8B4A-11D0-8D11-00A0C91BC942}") = "5658_2", "5658_2\5658_2.vcxproj", "{21DEB011-4667-4AD9-9733-049808DEE172}"
EndProject
Project("{8BC9CEB8-8B4A-11D0-8D11-00A0C91BC942}") = "5653_3", "5653_3\5653_3.vcxproj", "{47DDEEF7-CA75-4893-BD14-2AE1427C57AF}"
EndProject
Project("{8BC9CEB8-8B4A-11D0-8D11-00A0C91BC942}") = "2383", "2383\2383.vcxproj", "{98C439B5-ADE9-4D00-A66F-8423CE78E189}"
EndProject
Project("{8BC9CEB8-8B4A-11D0-8D11-00A0C91BC942}") = "5650", "5650\5650.vcxproj", "{F2936FE4-87BC-4EDA-AE19-CF32811B2B68}"
EndProject
Global
	GlobalSection(SolutionConfigurationPlatforms) = preSolution
		Debug|x64 = Debug|x64
		Debug|x86 = Debug|x86
		Release|x64 = Release|x64
		Release|x86 = Release|x86
	EndGlobalSection
	GlobalSection(ProjectConfigurationPlatforms) = postSolution
		{1006396B-B53A-4D71-8382-E21382B6EC67}.Debug|x64.ActiveCfg = Debug|x64
		{1006396B-B53A-4D71-8382-E21382B6EC67}.Debug|x64.Build.0 = Debug|x64
		{1006396B-B53A-4D71-8382-E21382B6EC67}.Debug|x86.ActiveCfg = Debug|Win32
		{1006396B-B53A-4D71-8382-E21382B6EC67}.Debug|x86.Build.0 = Debug|Win32
		{1006396B-B53A-4D71-8382-E21382B6EC67}.Release|x64.ActiveCfg = Release|x64
		{1006396B-B53A-4D71-8382-E21382B6EC67}.Release|x64.Build.0 = Release|x64
		{1006396B-B53A-4D71-8382-E21382B6EC67}.Release|x86.ActiveCfg = Release|Win32
		{1006396B-B53A-4D71-8382-E21382B6EC67}.Release|x86.Build.0 = Release|Win32
		{39F10521-F00F-42EF-B7C2-BA27477F4EE5}.Debug|x64.ActiveCfg = Debug|x64
		{39F10521-F00F-42EF-B7C2-BA27477F4EE5}.Debug|x64.Build.0 = Debug|x64
		{39F10521-F00F-42EF-B7C2-BA27477F4EE5}.Debug|x86.ActiveCfg = Debug|Win32
		{39F10521-F00F-42EF-B7C2-BA27477F4EE5}.Debug|x86.Build.0 = Debug|Win32
		{39F10521-F00F-42EF-B7C2-BA27477F4EE5}.Release|x64.ActiveCfg = Release|x64
		{39F10521-F00F-42EF-B7C2-BA27477F4EE5}.Release|x64.Build.0 = Release|x64
		{39F10521-F00F-42EF-B7C2-BA27477F4EE5}.Release|x86.ActiveCfg = Release|Win32
		{39F10521-F00F-42EF-B7C2-BA27477F4EE5}.Release|x86.Build.0 = Release|Win32
		{19D4DB1B-D49F-40E8-8EAB-711DB465AFD8}.Debug|x64.ActiveCfg = Debug|x64
		{19D4DB1B-D49F-40E8-8EAB-711DB465AFD8}.Debug|x64.Build.0 = Debug|x64
		{19D4DB1B-D49F-40E8-8EAB-711DB465AFD8}.Debug|x86.ActiveCfg = Debug|Win32
		{19D4DB1B-D49F-40E8-8EAB-711DB465AFD8}.Debug|x86.Build.0 = Debug|Win32
		{19D4DB1B-D49F-40E8-8EAB-711DB465AFD8}.Release|x64.ActiveCfg = Release|x64
		{19D4DB1B-D49F-40E8-8EAB-711DB465AFD8}.Release|x64.Build.0 = Release|x64
		{19D4DB1B-D49F-40E8-8EAB-711DB465AFD8}.Release|x86.ActiveCfg = Release|Win32
		{19D4DB1B-D49F-40E8-8EAB-711DB465AFD8}.Release|x86.Build.0 = Release|Win32
		{3EC45689-3539-45E1-BDAF-E7460936FEB7}.Debug|x64.ActiveCfg = Debug|x64
		{3EC45689-3539-45E1-BDAF-E7460936FEB7}.Debug|x64.Build.0 = Debug|x64
		{3EC45689-3539-45E1-BDAF-E7460936FEB7}.Debug|x86.ActiveCfg = Debug|Win32
		{3EC45689-3539-45E1-BDAF-E7460936FEB7}.Debug|x86.Build.0 = Debug|Win32
		{3EC45689-3539-45E1-BDAF-E7460936FEB7}.Release|x64.ActiveCfg = Release|x64
		{3EC45689-3539-45E1-BDAF-E7460936FEB7}.Release|x64.Build.0 = Release|x64
		{3EC45689-3539-45E1-BDAF-E7460936FEB7}.Release|x86.ActiveCfg = Release|Win32
		{3EC45689-3539-45E1-BDAF-E7460936FEB7}.Release|x86.Build.0 = Release|Win32
		{C80C039A-083E-48D5-AF97-2D739D2BBD28}.Debug|x64.ActiveCfg = Debug|x64
		{C80C039A-083E-48D5-AF97-2D739D2BBD28}.Debug|x64.Build.0 = Debug|x64
		{C80C039A-083E-48D5-AF97-2D739D2BBD28}.Debug|x86.ActiveCfg = Debug|Win32
		{C80C039A-083E-48D5-AF97-2D739D2BBD28}.Debug|x86.Build.0 = Debug|Win32
		{C80C039A-083E-48D5-AF97-2D739D2BBD28}.Release|x64.ActiveCfg = Release|x64
		{C80C039A-083E-48D5-AF97-2D739D2BBD28}.Release|x64.Build.0 = Release|x64
		{C80C039A-083E-48D5-AF97-2D739D2BBD28}.Release|x86.ActiveCfg = Release|Win32
		{C80C039A-083E-48D5-AF97-2D739D2BBD28}.Release|x86.Build.0 = Release|Win32
		{E1557AE6-5230-4D27-947A-64770FF31022}.Debug|x64.ActiveCfg = Debug|x64
		{E1557AE6-5230-4D27-947A-64770FF31022}.Debug|x64.Build.0 = Debug|x64
		{E1557AE6-5230-4D27-947A-64770FF31022}.Debug|x86.ActiveCfg = Debug|Win32
		{E1557AE6-5230-4D27-947A-64770FF31022}.Debug|x86.Build.0 = Debug|Win32
		{E1557AE6-5230-4D27-947A-64770FF31022}.Release|x64.ActiveCfg = Release|x64
		{E1557AE6-5230-4D27-947A-64770FF31022}.Release|x64.Build.0 = Release|x64
		{E1557AE6-5230-4D27-947A-64770FF31022}.Release|x86.ActiveCfg = Release|Win32
		{E1557AE6-5230-4D27-947A-64770FF31022}.Release|x86.Build.0 = Release|Win32
		{2924A142-6760-4D82-A756-C2FDC44D06A4}.Debug|x64.ActiveCfg = Debug|x64
		{2924A142-6760-4D82-A756-C2FDC44D06A4}.Debug|x64.Build.0 = Debug|x64
		{2924A142-6760-4D82-A756-C2FDC44D06A4}.Debug|x86.ActiveCfg = Debug|Win32
		{2924A142-6760-4D82-A756-C2FDC44D06A4}.Debug|x86.Build.0 = Debug|Win32
		{2924A142-6760-4D82-A756-C2FDC44D06A4}.Release|x64.ActiveCfg = Release|x64
		{2924A142-6760-4D82-A756-C2FDC44D06A4}.Release|x64.Build.0 = Release|x64
		{2924A142-6760-4D82-A756-C2FDC44D06A4}.Release|x86.ActiveCfg = Release|Win32
		{2924A142-6760-4D82-A756-C2FDC44D06A4}.Release|x86.Build.0 = Release|Win32
		{CC103DA5-6CB1-47B2-AF4A-C1D671440414}.Debug|x64.ActiveCfg = Debug|x64
		{CC103DA5-6CB1-47B2-AF4A-C1D671440414}.Debug|x64.Build.0 = Debug|x64
		{CC103DA5-6CB1-47B2-AF4A-C1D671440414}.Debug|x86.ActiveCfg = Debug|Win32
		{CC103DA5-6CB1-47B2-AF4A-C1D671440414}.Debug|x86.Build.0 = Debug|Win32
		{CC103DA5-6CB1-47B2-AF4A-C1D671440414}.Release|x64.ActiveCfg = Release|x64
		{CC103DA5-6CB1-47B2-AF4A-C1D671440414}.Release|x64.Build.0 = Release|x64
		{CC103DA5-6CB1-47B2-AF4A-C1D671440414}.Release|x86.ActiveCfg = Release|Win32
		{CC103DA5-6CB1-47B2-AF4A-C1D671440414}.Release|x86.Build.0 = Release|Win32
		{BE51512A-622D-45DF-BF61-506B30848DA6}.Debug|x64.ActiveCfg = Debug|x64
		{BE51512A-622D-45DF-BF61-506B30848DA6}.Debug|x64.Build.0 = Debug|x64
		{BE51512A-622D-45DF-BF61-506B30848DA6}.Debug|x86.ActiveCfg = Debug|Win32
		{BE51512A-622D-45DF-BF61-506B30848DA6}.Debug|x86.Build.0 = Debug|Win32
		{BE51512A-622D-45DF-BF61-506B30848DA6}.Release|x64.ActiveCfg = Release|x64
		{BE51512A-622D-45DF-BF61-506B30848DA6}.Release|x64.Build.0 = Release|x64
		{BE51512A-622D-45DF-BF61-506B30848DA6}.Release|x86.ActiveCfg = Release|Win32
		{BE51512A-622D-45DF-BF61-506B30848DA6}.Release|x86.Build.0 = Release|Win32
		{503CBB3C-3EE8-4A1A-AADB-90448CAD8E6A}.Debug|x64.ActiveCfg = Debug|x64
		{503CBB3C-3EE8-4A1A-AADB-90448CAD8E6A}.Debug|x64.Build.0 = Debug|x64
		{503CBB3C-3EE8-4A1A-AADB-90448CAD8E6A}.Debug|x86.ActiveCfg = Debug|Win32
		{503CBB3C-3EE8-4A1A-AADB-90448CAD8E6A}.Debug|x86.Build.0 = Debug|Win32
		{503CBB3C-3EE8-4A1A-AADB-90448CAD8E6A}.Release|x64.ActiveCfg = Release|x64
		{503CBB3C-3EE8-4A1A-AADB-90448CAD8E6A}.Release|x64.Build.0 = Release|x64
		{503CBB3C-3EE8-4A1A-AADB-90448CAD8E6A}.Release|x86.ActiveCfg = Release|Win32
		{503CBB3C-3EE8-4A1A-AADB-90448CAD8E6A}.Release|x86.Build.0 = Release|Win32
		{23A46A39-BAD8-4A65-8F26-B41C6C21B99E}.Debug|x64.ActiveCfg = Debug|x64
		{23A46A39-BAD8-4A65-8F26-B41C6C21B99E}.Debug|x64.Build.0 = Debug|x64
		{23A46A39-BAD8-4A65-8F26-B41C6C21B99E}.Debug|x86.ActiveCfg = Debug|Win32
		{23A46A39-BAD8-4A65-8F26-B41C6C21B99E}.Debug|x86.Build.0 = Debug|Win32
		{23A46A39-BAD8-4A65-8F26-B41C6C21B99E}.Release|x64.ActiveCfg = Release|x64
		{23A46A39-BAD8-4A65-8F26-B41C6C21B99E}.Release|x64.Build.0 = Release|x64
		{23A46A39-BAD8-4A65-8F26-B41C6C21B99E}.Release|x86.ActiveCfg = Release|Win32
		{23A46A39-BAD8-4A65-8F26-B41C6C21B99E}.Release|x86.Build.0 = Release|Win32
		{0AD33F43-E8EA-4917-BA94-BEC77E8F1EF9}.Debug|x64.ActiveCfg = Debug|x64
		{0AD33F43-E8EA-4917-BA94-BEC77E8F1EF9}.Debug|x64.Build.0 = Debug|x64
		{0AD33F43-E8EA-4917-BA94-BEC77E8F1EF9}.Debug|x86.ActiveCfg = Debug|Win32
		{0AD33F43-E8EA-4917-BA94-BEC77E8F1EF9}.Debug|x86.Build.0 = Debug|Win32
		{0AD33F43-E8EA-4917-BA94-BEC77E8F1EF9}.Release|x64.ActiveCfg = Release|x64
		{0AD33F43-E8EA-4917-BA94-BEC77E8F1EF9}.Release|x64.Build.0 = Release|x64
		{0AD33F43-E8EA-4917-BA94-BEC77E8F1EF9}.Release|x86.ActiveCfg = Release|Win32
		{0AD33F43-E8EA-4917-BA94-BEC77E8F1EF9}.Release|x86.Build.0 = Release|Win32
		{70A0FAA4-DFC2-4DCB-A5EC-863174437721}.Debug|x64.ActiveCfg = Debug|x64
		{70A0FAA4-DFC2-4DCB-A5EC-863174437721}.Debug|x64.Build.0 = Debug|x64
		{70A0FAA4-DFC2-4DCB-A5EC-863174437721}.Debug|x86.ActiveCfg = Debug|Win32
		{70A0FAA4-DFC2-4DCB-A5EC-863174437721}.Debug|x86.Build.0 = Debug|Win32
		{70A0FAA4-DFC2-4DCB-A5EC-863174437721}.Release|x64.ActiveCfg = Release|x64
		{70A0FAA4-DFC2-4DCB-A5EC-863174437721}.Release|x64.Build.0 = Release|x64
		{70A0FAA4-DFC2-4DCB-A5EC-863174437721}.Release|x86.ActiveCfg = Release|Win32
		{70A0FAA4-DFC2-4DCB-A5EC-863174437721}.Release|x86.Build.0 = Release|Win32
		{4A950DC8-9DF3-464D-904B-066ED27BB613}.Debug|x64.ActiveCfg = Debug|x64
		{4A950DC8-9DF3-464D-904B-066ED27BB613}.Debug|x64.Build.0 = Debug|x64
		{4A950DC8-9DF3-464D-904B-066ED27BB613}.Debug|x86.ActiveCfg = Debug|Win32
		{4A950DC8-9DF3-464D-904B-066ED27BB613}.Debug|x86.Build.0 = Debug|Win32
		{4A950DC8-9DF3-464D-904B-066ED27BB613}.Release|x64.ActiveCfg = Release|x64
		{4A950DC8-9DF3-464D-904B-066ED27BB613}.Release|x64.Build.0 = Release|x64
		{4A950DC8-9DF3-464D-904B-066ED27BB613}.Release|x86.ActiveCfg = Release|Win32
		{4A950DC8-9DF3-464D-904B-066ED27BB613}.Release|x86.Build.0 = Release|Win32
		{B1A1DBD2-C983-42E6-837B-824FE0F4081B}.Debug|x64.ActiveCfg = Debug|x64
		{B1A1DBD2-C983-42E6-837B-824FE0F4081B}.Debug|x64.Build.0 = Debug|x64
		{B1A1DBD2-C983-42E6-837B-824FE0F4081B}.Debug|x86.ActiveCfg = Debug|Win32
		{B1A1DBD2-C983-42E6-837B-824FE0F4081B}.Debug|x86.Build.0 = Debug|Win32
		{B1A1DBD2-C983-42E6-837B-824FE0F4081B}.Release|x64.ActiveCfg = Release|x64
		{B1A1DBD2-C983-42E6-837B-824FE0F4081B}.Release|x64.Build.0 = Release|x64
		{B1A1DBD2-C983-42E6-837B-824FE0F4081B}.Release|x86.ActiveCfg = Release|Win32
		{B1A1DBD2-C983-42E6-837B-824FE0F4081B}.Release|x86.Build.0 = Release|Win32
		{D3321D63-82BD-4986-90D3-257E3894D7AD}.Debug|x64.ActiveCfg = Debug|x64
		{D3321D63-82BD-4986-90D3-257E3894D7AD}.Debug|x64.Build.0 = Debug|x64
		{D3321D63-82BD-4986-90D3-257E3894D7AD}.Debug|x86.ActiveCfg = Debug|Win32
		{D3321D63-82BD-4986-90D3-257E3894D7AD}.Debug|x86.Build.0 = Debug|Win32
		{D3321D63-82BD-4986-90D3-257E3894D7AD}.Release|x64.ActiveCfg = Release|x64
		{D3321D63-82BD-4986-90D3-257E3894D7AD}.Release|x64.Build.0 = Release|x64
		{D3321D63-82BD-4986-90D3-257E3894D7AD}.Release|x86.ActiveCfg = Release|Win32
		{D3321D63-82BD-4986-90D3-257E3894D7AD}.Release|x86.Build.0 = Release|Win32
		{7BF6BD05-EF5A-4D86-B2B9-0F9DE5AD7A1C}.Debug|x64.ActiveCfg = Debug|x64
		{7BF6BD05-EF5A-4D86-B2B9-0F9DE5AD7A1C}.Debug|x64.Build.0 = Debug|x64
		{7BF6BD05-EF5A-4D86-B2B9-0F9DE5AD7A1C}.Debug|x86.ActiveCfg = Debug|Win32
		{7BF6BD05-EF5A-4D86-B2B9-0F9DE5AD7A1C}.Debug|x86.Build.0 = Debug|Win32
		{7BF6BD05-EF5A-4D86-B2B9-0F9DE5AD7A1C}.Release|x64.ActiveCfg = Release|x64
		{7BF6BD05-EF5A-4D86-B2B9-0F9DE5AD7A1C}.Release|x64.Build.0 = Release|x64
		{7BF6BD05-EF5A-4D86-B2B9-0F9DE5AD7A1C}.Release|x86.ActiveCfg = Release|Win32
		{7BF6BD05-EF5A-4D86-B2B9-0F9DE5AD7A1C}.Release|x86.Build.0 = Release|Win32
		{79368A46-5767-4C6F-845C-E3ABC5F3A406}.Debug|x64.ActiveCfg = Debug|x64
		{79368A46-5767-4C6F-845C-E3ABC5F3A406}.Debug|x64.Build.0 = Debug|x64
		{79368A46-5767-4C6F-845C-E3ABC5F3A406}.Debug|x86.ActiveCfg = Debug|Win32
		{79368A46-5767-4C6F-845C-E3ABC5F3A406}.Debug|x86.Build.0 = Debug|Win32
		{79368A46-5767-4C6F-845C-E3ABC5F3A406}.Release|x64.ActiveCfg = Release|x64
		{79368A46-5767-4C6F-845C-E3ABC5F3A406}.Release|x64.Build.0 = Release|x64
		{79368A46-5767-4C6F-845C-E3ABC5F3A406}.Release|x86.ActiveCfg = Release|Win32
		{79368A46-5767-4C6F-845C-E3ABC5F3A406}.Release|x86.Build.0 = Release|Win32
		{FA461DDB-FF96-4A1F-9D70-8E09511ABAB1}.Debug|x64.ActiveCfg = Debug|x64
		{FA461DDB-FF96-4A1F-9D70-8E09511ABAB1}.Debug|x64.Build.0 = Debug|x64
		{FA461DDB-FF96-4A1F-9D70-8E09511ABAB1}.Debug|x86.ActiveCfg = Debug|Win32
		{FA461DDB-FF96-4A1F-9D70-8E09511ABAB1}.Debug|x86.Build.0 = Debug|Win32
		{FA461DDB-FF96-4A1F-9D70-8E09511ABAB1}.Release|x64.ActiveCfg = Release|x64
		{FA461DDB-FF96-4A1F-9D70-8E09511ABAB1}.Release|x64.Build.0 = Release|x64
		{FA461DDB-FF96-4A1F-9D70-8E09511ABAB1}.Release|x86.ActiveCfg = Release|Win32
		{FA461DDB-FF96-4A1F-9D70-8E09511ABAB1}.Release|x86.Build.0 = Release|Win32
		{F723F29B-4277-42C3-8191-5E48F78E7097}.Debug|x64.ActiveCfg = Debug|x64
		{F723F29B-4277-42C3-8191-5E48F78E7097}.Debug|x64.Build.0 = Debug|x64
		{F723F29B-4277-42C3-8191-5E48F78E7097}.Debug|x86.ActiveCfg = Debug|Win32
		{F723F29B-4277-42C3-8191-5E48F78E7097}.Debug|x86.Build.0 = Debug|Win32
		{F723F29B-4277-42C3-8191-5E48F78E7097}.Release|x64.ActiveCfg = Release|x64
		{F723F29B-4277-42C3-8191-5E48F78E7097}.Release|x64.Build.0 = Release|x64
		{F723F29B-4277-42C3-8191-5E48F78E7097}.Release|x86.ActiveCfg = Release|Win32
		{F723F29B-4277-42C3-8191-5E48F78E7097}.Release|x86.Build.0 = Release|Win32
		{19FF130B-7FB5-41FD-B38F-4C8AEC56E7E6}.Debug|x64.ActiveCfg = Debug|x64
		{19FF130B-7FB5-41FD-B38F-4C8AEC56E7E6}.Debug|x64.Build.0 = Debug|x64
		{19FF130B-7FB5-41FD-B38F-4C8AEC56E7E6}.Debug|x86.ActiveCfg = Debug|Win32
		{19FF130B-7FB5-41FD-B38F-4C8AEC56E7E6}.Debug|x86.Build.0 = Debug|Win32
		{19FF130B-7FB5-41FD-B38F-4C8AEC56E7E6}.Release|x64.ActiveCfg = Release|x64
		{19FF130B-7FB5-41FD-B38F-4C8AEC56E7E6}.Release|x64.Build.0 = Release|x64
		{19FF130B-7FB5-41FD-B38F-4C8AEC56E7E6}.Release|x86.ActiveCfg = Release|Win32
		{19FF130B-7FB5-41FD-B38F-4C8AEC56E7E6}.Release|x86.Build.0 = Release|Win32
		{3CF5999B-3869-43F5-9D54-32E7352BB8EA}.Debug|x64.ActiveCfg = Debug|x64
		{3CF5999B-3869-43F5-9D54-32E7352BB8EA}.Debug|x64.Build.0 = Debug|x64
		{3CF5999B-3869-43F5-9D54-32E7352BB8EA}.Debug|x86.ActiveCfg = Debug|Win32
		{3CF5999B-3869-43F5-9D54-32E7352BB8EA}.Debug|x86.Build.0 = Debug|Win32
		{3CF5999B-3869-43F5-9D54-32E7352BB8EA}.Release|x64.ActiveCfg = Release|x64
		{3CF5999B-3869-43F5-9D54-32E7352BB8EA}.Release|x64.Build.0 = Release|x64
		{3CF5999B-3869-43F5-9D54-32E7352BB8EA}.Release|x86.ActiveCfg = Release|Win32
		{3CF5999B-3869-43F5-9D54-32E7352BB8EA}.Release|x86.Build.0 = Release|Win32
		{1D5F5880-2703-405E-A016-F15E0AB436E4}.Debug|x64.ActiveCfg = Debug|x64
		{1D5F5880-2703-405E-A016-F15E0AB436E4}.Debug|x64.Build.0 = Debug|x64
		{1D5F5880-2703-405E-A016-F15E0AB436E4}.Debug|x86.ActiveCfg = Debug|Win32
		{1D5F5880-2703-405E-A016-F15E0AB436E4}.Debug|x86.Build.0 = Debug|Win32
		{1D5F5880-2703-405E-A016-F15E0AB436E4}.Release|x64.ActiveCfg = Release|x64
		{1D5F5880-2703-405E-A016-F15E0AB436E4}.Release|x64.Build.0 = Release|x64
		{1D5F5880-2703-405E-A016-F15E0AB436E4}.Release|x86.ActiveCfg = Release|Win32
		{1D5F5880-2703-405E-A016-F15E0AB436E4}.Release|x86.Build.0 = Release|Win32
		{8BE3806F-472E-433C-AD95-7799F1F8BE26}.Debug|x64.ActiveCfg = Debug|x64
		{8BE3806F-472E-433C-AD95-7799F1F8BE26}.Debug|x64.Build.0 = Debug|x64
		{8BE3806F-472E-433C-AD95-7799F1F8BE26}.Debug|x86.ActiveCfg = Debug|Win32
		{8BE3806F-472E-433C-AD95-7799F1F8BE26}.Debug|x86.Build.0 = Debug|Win32
		{8BE3806F-472E-433C-AD95-7799F1F8BE26}.Release|x64.ActiveCfg = Release|x64
		{8BE3806F-472E-433C-AD95-7799F1F8BE26}.Release|x64.Build.0 = Release|x64
		{8BE3806F-472E-433C-AD95-7799F1F8BE26}.Release|x86.ActiveCfg = Release|Win32
		{8BE3806F-472E-433C-AD95-7799F1F8BE26}.Release|x86.Build.0 = Release|Win32
		{62ABC2B8-9925-4309-A66E-1F4DE93A1DE4}.Debug|x64.ActiveCfg = Debug|x64
		{62ABC2B8-9925-4309-A66E-1F4DE93A1DE4}.Debug|x64.Build.0 = Debug|x64
		{62ABC2B8-9925-4309-A66E-1F4DE93A1DE4}.Debug|x86.ActiveCfg = Debug|Win32
		{62ABC2B8-9925-4309-A66E-1F4DE93A1DE4}.Debug|x86.Build.0 = Debug|Win32
		{62ABC2B8-9925-4309-A66E-1F4DE93A1DE4}.Release|x64.ActiveCfg = Release|x64
		{62ABC2B8-9925-4309-A66E-1F4DE93A1DE4}.Release|x64.Build.0 = Release|x64
		{62ABC2B8-9925-4309-A66E-1F4DE93A1DE4}.Release|x86.ActiveCfg = Release|Win32
		{62ABC2B8-9925-4309-A66E-1F4DE93A1DE4}.Release|x86.Build.0 = Release|Win32
		{83E81E42-7332-43A7-BE4E-FCFF53E4488B}.Debug|x64.ActiveCfg = Debug|x64
		{83E81E42-7332-43A7-BE4E-FCFF53E4488B}.Debug|x64.Build.0 = Debug|x64
		{83E81E42-7332-43A7-BE4E-FCFF53E4488B}.Debug|x86.ActiveCfg = Debug|Win32
		{83E81E42-7332-43A7-BE4E-FCFF53E4488B}.Debug|x86.Build.0 = Debug|Win32
		{83E81E42-7332-43A7-BE4E-FCFF53E4488B}.Release|x64.ActiveCfg = Release|x64
		{83E81E42-7332-43A7-BE4E-FCFF53E4488B}.Release|x64.Build.0 = Release|x64
		{83E81E42-7332-43A7-BE4E-FCFF53E4488B}.Release|x86.ActiveCfg = Release|Win32
		{83E81E42-7332-43A7-BE4E-FCFF53E4488B}.Release|x86.Build.0 = Release|Win32
		{BB9C6539-15EE-4AB7-A577-127205AD8616}.Debug|x64.ActiveCfg = Debug|x64
		{BB9C6539-15EE-4AB7-A577-127205AD8616}.Debug|x64.Build.0 = Debug|x64
		{BB9C6539-15EE-4AB7-A577-127205AD8616}.Debug|x86.ActiveCfg = Debug|Win32
		{BB9C6539-15EE-4AB7-A577-127205AD8616}.Debug|x86.Build.0 = Debug|Win32
		{BB9C6539-15EE-4AB7-A577-127205AD8616}.Release|x64.ActiveCfg = Release|x64
		{BB9C6539-15EE-4AB7-A577-127205AD8616}.Release|x64.Build.0 = Release|x64
		{BB9C6539-15EE-4AB7-A577-127205AD8616}.Release|x86.ActiveCfg = Release|Win32
		{BB9C6539-15EE-4AB7-A577-127205AD8616}.Release|x86.Build.0 = Release|Win32
		{325CBB22-BB2F-4E01-B95D-660BE869C0E2}.Debug|x64.ActiveCfg = Debug|x64
		{325CBB22-BB2F-4E01-B95D-660BE869C0E2}.Debug|x64.Build.0 = Debug|x64
		{325CBB22-BB2F-4E01-B95D-660BE869C0E2}.Debug|x86.ActiveCfg = Debug|Win32
		{325CBB22-BB2F-4E01-B95D-660BE869C0E2}.Debug|x86.Build.0 = Debug|Win32
		{325CBB22-BB2F-4E01-B95D-660BE869C0E2}.Release|x64.ActiveCfg = Release|x64
		{325CBB22-BB2F-4E01-B95D-660BE869C0E2}.Release|x64.Build.0 = Release|x64
		{325CBB22-BB2F-4E01-B95D-660BE869C0E2}.Release|x86.ActiveCfg = Release|Win32
		{325CBB22-BB2F-4E01-B95D-660BE869C0E2}.Release|x86.Build.0 = Release|Win32
		{8D5DC49D-C578-44CB-953A-D07F2339F1DF}.Debug|x64.ActiveCfg = Debug|x64
		{8D5DC49D-C578-44CB-953A-D07F2339F1DF}.Debug|x64.Build.0 = Debug|x64
		{8D5DC49D-C578-44CB-953A-D07F2339F1DF}.Debug|x86.ActiveCfg = Debug|Win32
		{8D5DC49D-C578-44CB-953A-D07F2339F1DF}.Debug|x86.Build.0 = Debug|Win32
		{8D5DC49D-C578-44CB-953A-D07F2339F1DF}.Release|x64.ActiveCfg = Release|x64
		{8D5DC49D-C578-44CB-953A-D07F2339F1DF}.Release|x64.Build.0 = Release|x64
		{8D5DC49D-C578-44CB-953A-D07F2339F1DF}.Release|x86.ActiveCfg = Release|Win32
		{8D5DC49D-C578-44CB-953A-D07F2339F1DF}.Release|x86.Build.0 = Release|Win32
		{AB156840-6F28-4516-960D-C20C68ED33DE}.Debug|x64.ActiveCfg = Debug|x64
		{AB156840-6F28-4516-960D-C20C68ED33DE}.Debug|x64.Build.0 = Debug|x64
		{AB156840-6F28-4516-960D-C20C68ED33DE}.Debug|x86.ActiveCfg = Debug|Win32
		{AB156840-6F28-4516-960D-C20C68ED33DE}.Debug|x86.Build.0 = Debug|Win32
		{AB156840-6F28-4516-960D-C20C68ED33DE}.Release|x64.ActiveCfg = Release|x64
		{AB156840-6F28-4516-960D-C20C68ED33DE}.Release|x64.Build.0 = Release|x64
		{AB156840-6F28-4516-960D-C20C68ED33DE}.Release|x86.ActiveCfg = Release|Win32
		{AB156840-6F28-4516-960D-C20C68ED33DE}.Release|x86.Build.0 = Release|Win32
		{B9DDAB99-E7A0-4DCF-975E-4EDA13F4958D}.Debug|x64.ActiveCfg = Debug|x64
		{B9DDAB99-E7A0-4DCF-975E-4EDA13F4958D}.Debug|x64.Build.0 = Debug|x64
		{B9DDAB99-E7A0-4DCF-975E-4EDA13F4958D}.Debug|x86.ActiveCfg = Debug|Win32
		{B9DDAB99-E7A0-4DCF-975E-4EDA13F4958D}.Debug|x86.Build.0 = Debug|Win32
		{B9DDAB99-E7A0-4DCF-975E-4EDA13F4958D}.Release|x64.ActiveCfg = Release|x64
		{B9DDAB99-E7A0-4DCF-975E-4EDA13F4958D}.Release|x64.Build.0 = Release|x64
		{B9DDAB99-E7A0-4DCF-975E-4EDA13F4958D}.Release|x86.ActiveCfg = Release|Win32
		{B9DDAB99-E7A0-4DCF-975E-4EDA13F4958D}.Release|x86.Build.0 = Release|Win32
		{726572FD-2934-4176-AD87-BB63F1680BE9}.Debug|x64.ActiveCfg = Debug|x64
		{726572FD-2934-4176-AD87-BB63F1680BE9}.Debug|x64.Build.0 = Debug|x64
		{726572FD-2934-4176-AD87-BB63F1680BE9}.Debug|x86.ActiveCfg = Debug|Win32
		{726572FD-2934-4176-AD87-BB63F1680BE9}.Debug|x86.Build.0 = Debug|Win32
		{726572FD-2934-4176-AD87-BB63F1680BE9}.Release|x64.ActiveCfg = Release|x64
		{726572FD-2934-4176-AD87-BB63F1680BE9}.Release|x64.Build.0 = Release|x64
		{726572FD-2934-4176-AD87-BB63F1680BE9}.Release|x86.ActiveCfg = Release|Win32
		{726572FD-2934-4176-AD87-BB63F1680BE9}.Release|x86.Build.0 = Release|Win32
		{841A6603-7D44-42AB-8840-BCC26F25178F}.Debug|x64.ActiveCfg = Debug|x64
		{841A6603-7D44-42AB-8840-BCC26F25178F}.Debug|x64.Build.0 = Debug|x64
		{841A6603-7D44-42AB-8840-BCC26F25178F}.Debug|x86.ActiveCfg = Debug|Win32
		{841A6603-7D44-42AB-8840-BCC26F25178F}.Debug|x86.Build.0 = Debug|Win32
		{841A6603-7D44-42AB-8840-BCC26F25178F}.Release|x64.ActiveCfg = Release|x64
		{841A6603-7D44-42AB-8840-BCC26F25178F}.Release|x64.Build.0 = Release|x64
		{841A6603-7D44-42AB-8840-BCC26F25178F}.Release|x86.ActiveCfg = Release|Win32
		{841A6603-7D44-42AB-8840-BCC26F25178F}.Release|x86.Build.0 = Release|Win32
		{8E24CF41-1E51-426C-8F5D-6979323D3FA0}.Debug|x64.ActiveCfg = Debug|x64
		{8E24CF41-1E51-426C-8F5D-6979323D3FA0}.Debug|x64.Build.0 = Debug|x64
		{8E24CF41-1E51-426C-8F5D-6979323D3FA0}.Debug|x86.ActiveCfg = Debug|Win32
		{8E24CF41-1E51-426C-8F5D-6979323D3FA0}.Debug|x86.Build.0 = Debug|Win32
		{8E24CF41-1E51-426C-8F5D-6979323D3FA0}.Release|x64.ActiveCfg = Release|x64
		{8E24CF41-1E51-426C-8F5D-6979323D3FA0}.Release|x64.Build.0 = Release|x64
		{8E24CF41-1E51-426C-8F5D-6979323D3FA0}.Release|x86.ActiveCfg = Release|Win32
		{8E24CF41-1E51-426C-8F5D-6979323D3FA0}.Release|x86.Build.0 = Release|Win32
		{4CB84DE9-F56E-4CE9-996A-C094387AA5CE}.Debug|x64.ActiveCfg = Debug|x64
		{4CB84DE9-F56E-4CE9-996A-C094387AA5CE}.Debug|x64.Build.0 = Debug|x64
		{4CB84DE9-F56E-4CE9-996A-C094387AA5CE}.Debug|x86.ActiveCfg = Debug|Win32
		{4CB84DE9-F56E-4CE9-996A-C094387AA5CE}.Debug|x86.Build.0 = Debug|Win32
		{4CB84DE9-F56E-4CE9-996A-C094387AA5CE}.Release|x64.ActiveCfg = Release|x64
		{4CB84DE9-F56E-4CE9-996A-C094387AA5CE}.Release|x64.Build.0 = Release|x64
		{4CB84DE9-F56E-4CE9-996A-C094387AA5CE}.Release|x86.ActiveCfg = Release|Win32
		{4CB84DE9-F56E-4CE9-996A-C094387AA5CE}.Release|x86.Build.0 = Release|Win32
		{A84DB95E-0454-4808-BE81-6E89065D6B1F}.Debug|x64.ActiveCfg = Debug|x64
		{A84DB95E-0454-4808-BE81-6E89065D6B1F}.Debug|x64.Build.0 = Debug|x64
		{A84DB95E-0454-4808-BE81-6E89065D6B1F}.Debug|x86.ActiveCfg = Debug|Win32
		{A84DB95E-0454-4808-BE81-6E89065D6B1F}.Debug|x86.Build.0 = Debug|Win32
		{A84DB95E-0454-4808-BE81-6E89065D6B1F}.Release|x64.ActiveCfg = Release|x64
		{A84DB95E-0454-4808-BE81-6E89065D6B1F}.Release|x64.Build.0 = Release|x64
		{A84DB95E-0454-4808-BE81-6E89065D6B1F}.Release|x86.ActiveCfg = Release|Win32
		{A84DB95E-0454-4808-BE81-6E89065D6B1F}.Release|x86.Build.0 = Release|Win32
		{3CA1FFCB-E55B-4119-B546-EF7B1E52C543}.Debug|x64.ActiveCfg = Debug|x64
		{3CA1FFCB-E55B-4119-B546-EF7B1E52C543}.Debug|x64.Build.0 = Debug|x64
		{3CA1FFCB-E55B-4119-B546-EF7B1E52C543}.Debug|x86.ActiveCfg = Debug|Win32
		{3CA1FFCB-E55B-4119-B546-EF7B1E52C543}.Debug|x86.Build.0 = Debug|Win32
		{3CA1FFCB-E55B-4119-B546-EF7B1E52C543}.Release|x64.ActiveCfg = Release|x64
		{3CA1FFCB-E55B-4119-B546-EF7B1E52C543}.Release|x64.Build.0 = Release|x64
		{3CA1FFCB-E55B-4119-B546-EF7B1E52C543}.Release|x86.ActiveCfg = Release|Win32
		{3CA1FFCB-E55B-4119-B546-EF7B1E52C543}.Release|x86.Build.0 = Release|Win32
		{4AF509A7-42BD-4DB4-A3EB-B60E53F5CC6E}.Debug|x64.ActiveCfg = Debug|x64
		{4AF509A7-42BD-4DB4-A3EB-B60E53F5CC6E}.Debug|x64.Build.0 = Debug|x64
		{4AF509A7-42BD-4DB4-A3EB-B60E53F5CC6E}.Debug|x86.ActiveCfg = Debug|Win32
		{4AF509A7-42BD-4DB4-A3EB-B60E53F5CC6E}.Debug|x86.Build.0 = Debug|Win32
		{4AF509A7-42BD-4DB4-A3EB-B60E53F5CC6E}.Release|x64.ActiveCfg = Release|x64
		{4AF509A7-42BD-4DB4-A3EB-B60E53F5CC6E}.Release|x64.Build.0 = Release|x64
		{4AF509A7-42BD-4DB4-A3EB-B60E53F5CC6E}.Release|x86.ActiveCfg = Release|Win32
		{4AF509A7-42BD-4DB4-A3EB-B60E53F5CC6E}.Release|x86.Build.0 = Release|Win32
		{C8777E42-5CA0-4785-B0C1-6A80CB958327}.Debug|x64.ActiveCfg = Debug|x64
		{C8777E42-5CA0-4785-B0C1-6A80CB958327}.Debug|x64.Build.0 = Debug|x64
		{C8777E42-5CA0-4785-B0C1-6A80CB958327}.Debug|x86.ActiveCfg = Debug|Win32
		{C8777E42-5CA0-4785-B0C1-6A80CB958327}.Debug|x86.Build.0 = Debug|Win32
		{C8777E42-5CA0-4785-B0C1-6A80CB958327}.Release|x64.ActiveCfg = Release|x64
		{C8777E42-5CA0-4785-B0C1-6A80CB958327}.Release|x64.Build.0 = Release|x64
		{C8777E42-5CA0-4785-B0C1-6A80CB958327}.Release|x86.ActiveCfg = Release|Win32
		{C8777E42-5CA0-4785-B0C1-6A80CB958327}.Release|x86.Build.0 = Release|Win32
		{BF93FA14-A864-44DB-925F-0F2C9A2D2CD8}.Debug|x64.ActiveCfg = Debug|x64
		{BF93FA14-A864-44DB-925F-0F2C9A2D2CD8}.Debug|x64.Build.0 = Debug|x64
		{BF93FA14-A864-44DB-925F-0F2C9A2D2CD8}.Debug|x86.ActiveCfg = Debug|Win32
		{BF93FA14-A864-44DB-925F-0F2C9A2D2CD8}.Debug|x86.Build.0 = Debug|Win32
		{BF93FA14-A864-44DB-925F-0F2C9A2D2CD8}.Release|x64.ActiveCfg = Release|x64
		{BF93FA14-A864-44DB-925F-0F2C9A2D2CD8}.Release|x64.Build.0 = Release|x64
		{BF93FA14-A864-44DB-925F-0F2C9A2D2CD8}.Release|x86.ActiveCfg = Release|Win32
		{BF93FA14-A864-44DB-925F-0F2C9A2D2CD8}.Release|x86.Build.0 = Release|Win32
		{E11D0E40-5884-49AE-825B-02B8B693DECD}.Debug|x64.ActiveCfg = Debug|x64
		{E11D0E40-5884-49AE-825B-02B8B693DECD}.Debug|x64.Build.0 = Debug|x64
		{E11D0E40-5884-49AE-825B-02B8B693DECD}.Debug|x86.ActiveCfg = Debug|Win32
		{E11D0E40-5884-49AE-825B-02B8B693DECD}.Debug|x86.Build.0 = Debug|Win32
		{E11D0E40-5884-49AE-825B-02B8B693DECD}.Release|x64.ActiveCfg = Release|x64
		{E11D0E40-5884-49AE-825B-02B8B693DECD}.Release|x64.Build.0 = Release|x64
		{E11D0E40-5884-49AE-825B-02B8B693DECD}.Release|x86.ActiveCfg = Release|Win32
		{E11D0E40-5884-49AE-825B-02B8B693DECD}.Release|x86.Build.0 = Release|Win32
		{F67EF0AC-8C06-4B29-95B3-F627FF431928}.Debug|x64.ActiveCfg = Debug|x64
		{F67EF0AC-8C06-4B29-95B3-F627FF431928}.Debug|x64.Build.0 = Debug|x64
		{F67EF0AC-8C06-4B29-95B3-F627FF431928}.Debug|x86.ActiveCfg = Debug|Win32
		{F67EF0AC-8C06-4B29-95B3-F627FF431928}.Debug|x86.Build.0 = Debug|Win32
		{F67EF0AC-8C06-4B29-95B3-F627FF431928}.Release|x64.ActiveCfg = Release|x64
		{F67EF0AC-8C06-4B29-95B3-F627FF431928}.Release|x64.Build.0 = Release|x64
		{F67EF0AC-8C06-4B29-95B3-F627FF431928}.Release|x86.ActiveCfg = Release|Win32
		{F67EF0AC-8C06-4B29-95B3-F627FF431928}.Release|x86.Build.0 = Release|Win32
		{986DEFAB-28B7-435C-A94F-726364AE5453}.Debug|x64.ActiveCfg = Debug|x64
		{986DEFAB-28B7-435C-A94F-726364AE5453}.Debug|x64.Build.0 = Debug|x64
		{986DEFAB-28B7-435C-A94F-726364AE5453}.Debug|x86.ActiveCfg = Debug|Win32
		{986DEFAB-28B7-435C-A94F-726364AE5453}.Debug|x86.Build.0 = Debug|Win32
		{986DEFAB-28B7-435C-A94F-726364AE5453}.Release|x64.ActiveCfg = Release|x64
		{986DEFAB-28B7-435C-A94F-726364AE5453}.Release|x64.Build.0 = Release|x64
		{986DEFAB-28B7-435C-A94F-726364AE5453}.Release|x86.ActiveCfg = Release|Win32
		{986DEFAB-28B7-435C-A94F-726364AE5453}.Release|x86.Build.0 = Release|Win32
		{C9BEA97C-0128-4CE3-927D-A77AE8B50AF1}.Debug|x64.ActiveCfg = Debug|x64
		{C9BEA97C-0128-4CE3-927D-A77AE8B50AF1}.Debug|x64.Build.0 = Debug|x64
		{C9BEA97C-0128-4CE3-927D-A77AE8B50AF1}.Debug|x86.ActiveCfg = Debug|Win32
		{C9BEA97C-0128-4CE3-927D-A77AE8B50AF1}.Debug|x86.Build.0 = Debug|Win32
		{C9BEA97C-0128-4CE3-927D-A77AE8B50AF1}.Release|x64.ActiveCfg = Release|x64
		{C9BEA97C-0128-4CE3-927D-A77AE8B50AF1}.Release|x64.Build.0 = Release|x64
		{C9BEA97C-0128-4CE3-927D-A77AE8B50AF1}.Release|x86.ActiveCfg = Release|Win32
		{C9BEA97C-0128-4CE3-927D-A77AE8B50AF1}.Release|x86.Build.0 = Release|Win32
		{C7461CB4-248A-498F-8ED2-3C69F5F1E4D0}.Debug|x64.ActiveCfg = Debug|x64
		{C7461CB4-248A-498F-8ED2-3C69F5F1E4D0}.Debug|x64.Build.0 = Debug|x64
		{C7461CB4-248A-498F-8ED2-3C69F5F1E4D0}.Debug|x86.ActiveCfg = Debug|Win32
		{C7461CB4-248A-498F-8ED2-3C69F5F1E4D0}.Debug|x86.Build.0 = Debug|Win32
		{C7461CB4-248A-498F-8ED2-3C69F5F1E4D0}.Release|x64.ActiveCfg = Release|x64
		{C7461CB4-248A-498F-8ED2-3C69F5F1E4D0}.Release|x64.Build.0 = Release|x64
		{C7461CB4-248A-498F-8ED2-3C69F5F1E4D0}.Release|x86.ActiveCfg = Release|Win32
		{C7461CB4-248A-498F-8ED2-3C69F5F1E4D0}.Release|x86.Build.0 = Release|Win32
		{B097E22E-5472-47D0-9596-9D4B811D7680}.Debug|x64.ActiveCfg = Debug|x64
		{B097E22E-5472-47D0-9596-9D4B811D7680}.Debug|x64.Build.0 = Debug|x64
		{B097E22E-5472-47D0-9596-9D4B811D7680}.Debug|x86.ActiveCfg = Debug|Win32
		{B097E22E-5472-47D0-9596-9D4B811D7680}.Debug|x86.Build.0 = Debug|Win32
		{B097E22E-5472-47D0-9596-9D4B811D7680}.Release|x64.ActiveCfg = Release|x64
		{B097E22E-5472-47D0-9596-9D4B811D7680}.Release|x64.Build.0 = Release|x64
		{B097E22E-5472-47D0-9596-9D4B811D7680}.Release|x86.ActiveCfg = Release|Win32
		{B097E22E-5472-47D0-9596-9D4B811D7680}.Release|x86.Build.0 = Release|Win32
		{C8711C46-A37A-4AF2-8A29-2004631B65E4}.Debug|x64.ActiveCfg = Debug|x64
		{C8711C46-A37A-4AF2-8A29-2004631B65E4}.Debug|x64.Build.0 = Debug|x64
		{C8711C46-A37A-4AF2-8A29-2004631B65E4}.Debug|x86.ActiveCfg = Debug|Win32
		{C8711C46-A37A-4AF2-8A29-2004631B65E4}.Debug|x86.Build.0 = Debug|Win32
		{C8711C46-A37A-4AF2-8A29-2004631B65E4}.Release|x64.ActiveCfg = Release|x64
		{C8711C46-A37A-4AF2-8A29-2004631B65E4}.Release|x64.Build.0 = Release|x64
		{C8711C46-A37A-4AF2-8A29-2004631B65E4}.Release|x86.ActiveCfg = Release|Win32
		{C8711C46-A37A-4AF2-8A29-2004631B65E4}.Release|x86.Build.0 = Release|Win32
		{D161CE97-5ACD-4FBA-A2EE-B89A66446941}.Debug|x64.ActiveCfg = Debug|x64
		{D161CE97-5ACD-4FBA-A2EE-B89A66446941}.Debug|x64.Build.0 = Debug|x64
		{D161CE97-5ACD-4FBA-A2EE-B89A66446941}.Debug|x86.ActiveCfg = Debug|Win32
		{D161CE97-5ACD-4FBA-A2EE-B89A66446941}.Debug|x86.Build.0 = Debug|Win32
		{D161CE97-5ACD-4FBA-A2EE-B89A66446941}.Release|x64.ActiveCfg = Release|x64
		{D161CE97-5ACD-4FBA-A2EE-B89A66446941}.Release|x64.Build.0 = Release|x64
		{D161CE97-5ACD-4FBA-A2EE-B89A66446941}.Release|x86.ActiveCfg = Release|Win32
		{D161CE97-5ACD-4FBA-A2EE-B89A66446941}.Release|x86.Build.0 = Release|Win32
		{79738D72-2160-46E9-96D4-D8E0D1275A4E}.Debug|x64.ActiveCfg = Debug|x64
		{79738D72-2160-46E9-96D4-D8E0D1275A4E}.Debug|x64.Build.0 = Debug|x64
		{79738D72-2160-46E9-96D4-D8E0D1275A4E}.Debug|x86.ActiveCfg = Debug|Win32
		{79738D72-2160-46E9-96D4-D8E0D1275A4E}.Debug|x86.Build.0 = Debug|Win32
		{79738D72-2160-46E9-96D4-D8E0D1275A4E}.Release|x64.ActiveCfg = Release|x64
		{79738D72-2160-46E9-96D4-D8E0D1275A4E}.Release|x64.Build.0 = Release|x64
		{79738D72-2160-46E9-96D4-D8E0D1275A4E}.Release|x86.ActiveCfg = Release|Win32
		{79738D72-2160-46E9-96D4-D8E0D1275A4E}.Release|x86.Build.0 = Release|Win32
		{4F158BF4-9C65-4CC0-9015-1F8DED226074}.Debug|x64.ActiveCfg = Debug|x64
		{4F158BF4-9C65-4CC0-9015-1F8DED226074}.Debug|x64.Build.0 = Debug|x64
		{4F158BF4-9C65-4CC0-9015-1F8DED226074}.Debug|x86.ActiveCfg = Debug|Win32
		{4F158BF4-9C65-4CC0-9015-1F8DED226074}.Debug|x86.Build.0 = Debug|Win32
		{4F158BF4-9C65-4CC0-9015-1F8DED226074}.Release|x64.ActiveCfg = Release|x64
		{4F158BF4-9C65-4CC0-9015-1F8DED226074}.Release|x64.Build.0 = Release|x64
		{4F158BF4-9C65-4CC0-9015-1F8DED226074}.Release|x86.ActiveCfg = Release|Win32
		{4F158BF4-9C65-4CC0-9015-1F8DED226074}.Release|x86.Build.0 = Release|Win32
		{199EF44B-B181-468A-87D3-149F7365C71A}.Debug|x64.ActiveCfg = Debug|x64
		{199EF44B-B181-468A-87D3-149F7365C71A}.Debug|x64.Build.0 = Debug|x64
		{199EF44B-B181-468A-87D3-149F7365C71A}.Debug|x86.ActiveCfg = Debug|Win32
		{199EF44B-B181-468A-87D3-149F7365C71A}.Debug|x86.Build.0 = Debug|Win32
		{199EF44B-B181-468A-87D3-149F7365C71A}.Release|x64.ActiveCfg = Release|x64
		{199EF44B-B181-468A-87D3-149F7365C71A}.Release|x64.Build.0 = Release|x64
		{199EF44B-B181-468A-87D3-149F7365C71A}.Release|x86.ActiveCfg = Release|Win32
		{199EF44B-B181-468A-87D3-149F7365C71A}.Release|x86.Build.0 = Release|Win32
		{7E427FB3-211B-42C0-9627-3905AE680912}.Debug|x64.ActiveCfg = Debug|x64
		{7E427FB3-211B-42C0-9627-3905AE680912}.Debug|x64.Build.0 = Debug|x64
		{7E427FB3-211B-42C0-9627-3905AE680912}.Debug|x86.ActiveCfg = Debug|Win32
		{7E427FB3-211B-42C0-9627-3905AE680912}.Debug|x86.Build.0 = Debug|Win32
		{7E427FB3-211B-42C0-9627-3905AE680912}.Release|x64.ActiveCfg = Release|x64
		{7E427FB3-211B-42C0-9627-3905AE680912}.Release|x64.Build.0 = Release|x64
		{7E427FB3-211B-42C0-9627-3905AE680912}.Release|x86.ActiveCfg = Release|Win32
		{7E427FB3-211B-42C0-9627-3905AE680912}.Release|x86.Build.0 = Release|Win32
		{21DEB011-4667-4AD9-9733-049808DEE172}.Debug|x64.ActiveCfg = Debug|x64
		{21DEB011-4667-4AD9-9733-049808DEE172}.Debug|x64.Build.0 = Debug|x64
		{21DEB011-4667-4AD9-9733-049808DEE172}.Debug|x86.ActiveCfg = Debug|Win32
		{21DEB011-4667-4AD9-9733-049808DEE172}.Debug|x86.Build.0 = Debug|Win32
		{21DEB011-4667-4AD9-9733-049808DEE172}.Release|x64.ActiveCfg = Release|x64
		{21DEB011-4667-4AD9-9733-049808DEE172}.Release|x64.Build.0 = Release|x64
		{21DEB011-4667-4AD9-9733-049808DEE172}.Release|x86.ActiveCfg = Release|Win32
		{21DEB011-4667-4AD9-9733-049808DEE172}.Release|x86.Build.0 = Release|Win32
		{47DDEEF7-CA75-4893-BD14-2AE1427C57AF}.Debug|x64.ActiveCfg = Debug|x64
		{47DDEEF7-CA75-4893-BD14-2AE1427C57AF}.Debug|x64.Build.0 = Debug|x64
		{47DDEEF7-CA75-4893-BD14-2AE1427C57AF}.Debug|x86.ActiveCfg = Debug|Win32
		{47DDEEF7-CA75-4893-BD14-2AE1427C57AF}.Debug|x86.Build.0 = Debug|Win32
		{47DDEEF7-CA75-4893-BD14-2AE1427C57AF}.Release|x64.ActiveCfg = Release|x64
		{47DDEEF7-CA75-4893-BD14-2AE1427C57AF}.Release|x64.Build.0 = Release|x64
		{47DDEEF7-CA75-4893-BD14-2AE1427C57AF}.Release|x86.ActiveCfg = Release|Win32
		{47DDEEF7-CA75-4893-BD14-2AE1427C57AF}.Release|x86.Build.0 = Release|Win32
		{98C439B5-ADE9-4D00-A66F-8423CE78E189}.Debug|x64.ActiveCfg = Debug|x64
		{98C439B5-ADE9-4D00-A66F-8423CE78E189}.Debug|x64.Build.0 = Debug|x64
		{98C439B5-ADE9-4D00-A66F-8423CE78E189}.Debug|x86.ActiveCfg = Debug|Win32
		{98C439B5-ADE9-4D00-A66F-8423CE78E189}.Debug|x86.Build.0 = Debug|Win32
		{98C439B5-ADE9-4D00-A66F-8423CE78E189}.Release|x64.ActiveCfg = Release|x64
		{98C439B5-ADE9-4D00-A66F-8423CE78E189}.Release|x64.Build.0 = Release|x64
		{98C439B5-ADE9-4D00-A66F-8423CE78E189}.Release|x86.ActiveCfg = Release|Win32
		{98C439B5-ADE9-4D00-A66F-8423CE78E189}.Release|x86.Build.0 = Release|Win32
		{F2936FE4-87BC-4EDA-AE19-CF32811B2B68}.Debug|x64.ActiveCfg = Debug|x64
		{F2936FE4-87BC-4EDA-AE19-CF32811B2B68}.Debug|x64.Build.0 = Debug|x64
		{F2936FE4-87BC-4EDA-AE19-CF32811B2B68}.Debug|x86.ActiveCfg = Debug|Win32
		{F2936FE4-87BC-4EDA-AE19-CF32811B2B68}.Debug|x86.Build.0 = Debug|Win32
		{F2936FE4-87BC-4EDA-AE19-CF32811B2B68}.Release|x64.ActiveCfg = Release|x64
		{F2936FE4-87BC-4EDA-AE19-CF32811B2B68}.Release|x64.Build.0 = Release|x64
		{F2936FE4-87BC-4EDA-AE19-CF32811B2B68}.Release|x86.ActiveCfg = Release|Win32
		{F2936FE4-87BC-4EDA-AE19-CF32811B2B68}.Release|x86.Build.0 = Release|Win32
	EndGlobalSection
	GlobalSection(SolutionProperties) = preSolution
		HideSolutionNode = FALSE
	EndGlobalSection
	GlobalSection(ExtensibilityGlobals) = postSolution
		SolutionGuid = {4C11F284-AF13-429E-B36F-B94F162E7AB8}
	EndGlobalSection
EndGlobal
